
Microsoft Visual Studio Solution File, Format Version 12.00
# Visual Studio for Mac
Project("{FAE04EC0-301F-11D3-BF4B-00C04F79EFBC}") = "Assembly-CSharp", "Assembly-CSharp.csproj", "{3CDED23E-B2AF-276A-C6C2-EFEEA704A3D7}"
EndProject
Project("{FAE04EC0-301F-11D3-BF4B-00C04F79EFBC}") = "Assembly-CSharp-Editor", "Assembly-CSharp-Editor.csproj", "{F64E2D07-AC66-1112-D1C8-59A3FC50C78C}"
EndProject
Global
	GlobalSection(SolutionConfigurationPlatforms) = preSolution
		Debug|Any CPU = Debug|Any CPU
		Release|Any CPU = Release|Any CPU
	EndGlobalSection
	GlobalSection(ProjectConfigurationPlatforms) = postSolution
		{3CDED23E-B2AF-276A-C6C2-EFEEA704A3D7}.Debug|Any CPU.ActiveCfg = Debug|Any CPU
		{3CDED23E-B2AF-276A-C6C2-EFEEA704A3D7}.Debug|Any CPU.Build.0 = Debug|Any CPU
		{3CDED23E-B2AF-276A-C6C2-EFEEA704A3D7}.Release|Any CPU.ActiveCfg = Release|Any CPU
		{3CDED23E-B2AF-276A-C6C2-EFEEA704A3D7}.Release|Any CPU.Build.0 = Release|Any CPU
		{F64E2D07-AC66-1112-D1C8-59A3FC50C78C}.Debug|Any CPU.ActiveCfg = Debug|Any CPU
		{F64E2D07-AC66-1112-D1C8-59A3FC50C78C}.Debug|Any CPU.Build.0 = Debug|Any CPU
		{F64E2D07-AC66-1112-D1C8-59A3FC50C78C}.Release|Any CPU.ActiveCfg = Release|Any CPU
		{F64E2D07-AC66-1112-D1C8-59A3FC50C78C}.Release|Any CPU.Build.0 = Release|Any CPU
	EndGlobalSection
	GlobalSection(SolutionProperties) = preSolution
		HideSolutionNode = FALSE
	EndGlobalSection
EndGlobal
